
Microsoft Visual Studio Solution File, Format Version 12.00
# Visual Studio Version 17
VisualStudioVersion = 17.3.32819.101
MinimumVisualStudioVersion = 10.0.40219.1
Project("{FAE04EC0-301F-11D3-BF4B-00C04F79EFBC}") = "Module2HW5", "Module2HW5\Module2HW5.csproj", "{EC3B7955-93BA-4CDC-AC32-92BACDEE57A1}"
EndProject
Global
	GlobalSection(SolutionConfigurationPlatforms) = preSolution
		Debug|Any CPU = Debug|Any CPU
		Release|Any CPU = Release|Any CPU
	EndGlobalSection
	GlobalSection(ProjectConfigurationPlatforms) = postSolution
		{EC3B7955-93BA-4CDC-AC32-92BACDEE57A1}.Debug|Any CPU.ActiveCfg = Debug|Any CPU
		{EC3B7955-93BA-4CDC-AC32-92BACDEE57A1}.Debug|Any CPU.Build.0 = Debug|Any CPU
		{EC3B7955-93BA-4CDC-AC32-92BACDEE57A1}.Release|Any CPU.ActiveCfg = Release|Any CPU
		{EC3B7955-93BA-4CDC-AC32-92BACDEE57A1}.Release|Any CPU.Build.0 = Release|Any CPU
	EndGlobalSection
	GlobalSection(SolutionProperties) = preSolution
		HideSolutionNode = FALSE
	EndGlobalSection
	GlobalSection(ExtensibilityGlobals) = postSolution
		SolutionGuid = {4A424F2D-16DE-45BD-9009-C5CC173CB647}
	EndGlobalSection
EndGlobal
